// !$*UTF8*$!
{
	archiveVersion = 1;
	classes = {
	};
	objectVersion = 46;
	objects = {

/* Begin PBXBuildFile section */
		8E0736DA1AB198AF00BE22FE /* CDTURLSessionFilterContext.m in Sources */ = {isa = PBXBuildFile; fileRef = 8E0736D91AB198AF00BE22FE /* CDTURLSessionFilterContext.m */; };
		8E0736DE1AB1995D00BE22FE /* CDTURLSession.m in Sources */ = {isa = PBXBuildFile; fileRef = 8E0736DD1AB1995D00BE22FE /* CDTURLSession.m */; };
		8E0736E11AB19A8100BE22FE /* MyCookieLoginFilter.m in Sources */ = {isa = PBXBuildFile; fileRef = 8E0736E01AB19A8100BE22FE /* MyCookieLoginFilter.m */; };
		8ED987AF1AADDD9D00595A6D /* main.m in Sources */ = {isa = PBXBuildFile; fileRef = 8ED987AE1AADDD9D00595A6D /* main.m */; };
/* End PBXBuildFile section */

/* Begin PBXCopyFilesBuildPhase section */
		8ED987A91AADDD9D00595A6D /* CopyFiles */ = {
			isa = PBXCopyFilesBuildPhase;
			buildActionMask = 2147483647;
			dstPath = /usr/share/man/man1/;
			dstSubfolderSpec = 0;
			files = (
			);
			runOnlyForDeploymentPostprocessing = 1;
		};
/* End PBXCopyFilesBuildPhase section */

/* Begin PBXFileReference section */
		8E0736D81AB198AF00BE22FE /* CDTURLSessionFilterContext.h */ = {isa = PBXFileReference; fileEncoding = 4; lastKnownFileType = sourcecode.c.h; path = CDTURLSessionFilterContext.h; sourceTree = "<group>"; };
		8E0736D91AB198AF00BE22FE /* CDTURLSessionFilterContext.m */ = {isa = PBXFileReference; fileEncoding = 4; lastKnownFileType = sourcecode.c.objc; path = CDTURLSessionFilterContext.m; sourceTree = "<group>"; };
		8E0736DB1AB1991200BE22FE /* CDTURLSessionResponseFilter.h */ = {isa = PBXFileReference; lastKnownFileType = sourcecode.c.h; path = CDTURLSessionResponseFilter.h; sourceTree = "<group>"; };
		8E0736DC1AB1995D00BE22FE /* CDTURLSession.h */ = {isa = PBXFileReference; fileEncoding = 4; lastKnownFileType = sourcecode.c.h; path = CDTURLSession.h; sourceTree = "<group>"; };
		8E0736DD1AB1995D00BE22FE /* CDTURLSession.m */ = {isa = PBXFileReference; fileEncoding = 4; lastKnownFileType = sourcecode.c.objc; path = CDTURLSession.m; sourceTree = "<group>"; };
		8E0736DF1AB19A8100BE22FE /* MyCookieLoginFilter.h */ = {isa = PBXFileReference; fileEncoding = 4; lastKnownFileType = sourcecode.c.h; path = MyCookieLoginFilter.h; sourceTree = "<group>"; };
		8E0736E01AB19A8100BE22FE /* MyCookieLoginFilter.m */ = {isa = PBXFileReference; fileEncoding = 4; lastKnownFileType = sourcecode.c.objc; path = MyCookieLoginFilter.m; sourceTree = "<group>"; };
		8ED987AB1AADDD9D00595A6D /* HttpTest */ = {isa = PBXFileReference; explicitFileType = "compiled.mach-o.executable"; includeInIndex = 0; path = HttpTest; sourceTree = BUILT_PRODUCTS_DIR; };
		8ED987AE1AADDD9D00595A6D /* main.m */ = {isa = PBXFileReference; lastKnownFileType = sourcecode.c.objc; path = main.m; sourceTree = "<group>"; };
/* End PBXFileReference section */

/* Begin PBXFrameworksBuildPhase section */
		8ED987A81AADDD9D00595A6D /* Frameworks */ = {
			isa = PBXFrameworksBuildPhase;
			buildActionMask = 2147483647;
			files = (
			);
			runOnlyForDeploymentPostprocessing = 0;
		};
/* End PBXFrameworksBuildPhase section */

/* Begin PBXGroup section */
		8ED987A21AADDD9D00595A6D = {
			isa = PBXGroup;
			children = (
				8ED987AD1AADDD9D00595A6D /* HttpTest */,
				8ED987AC1AADDD9D00595A6D /* Products */,
			);
			sourceTree = "<group>";
		};
		8ED987AC1AADDD9D00595A6D /* Products */ = {
			isa = PBXGroup;
			children = (
				8ED987AB1AADDD9D00595A6D /* HttpTest */,
			);
			name = Products;
			sourceTree = "<group>";
		};
		8ED987AD1AADDD9D00595A6D /* HttpTest */ = {
			isa = PBXGroup;
			children = (
				8ED987AE1AADDD9D00595A6D /* main.m */,
				8E0736D81AB198AF00BE22FE /* CDTURLSessionFilterContext.h */,
				8E0736D91AB198AF00BE22FE /* CDTURLSessionFilterContext.m */,
				8E0736DB1AB1991200BE22FE /* CDTURLSessionResponseFilter.h */,
				8E0736DC1AB1995D00BE22FE /* CDTURLSession.h */,
				8E0736DD1AB1995D00BE22FE /* CDTURLSession.m */,
				8E0736DF1AB19A8100BE22FE /* MyCookieLoginFilter.h */,
				8E0736E01AB19A8100BE22FE /* MyCookieLoginFilter.m */,
			);
			path = HttpTest;
			sourceTree = "<group>";
		};
/* End PBXGroup section */

/* Begin PBXNativeTarget section */
		8ED987AA1AADDD9D00595A6D /* HttpTest */ = {
			isa = PBXNativeTarget;
			buildConfigurationList = 8ED987B21AADDD9D00595A6D /* Build configuration list for PBXNativeTarget "HttpTest" */;
			buildPhases = (
				8ED987A71AADDD9D00595A6D /* Sources */,
				8ED987A81AADDD9D00595A6D /* Frameworks */,
				8ED987A91AADDD9D00595A6D /* CopyFiles */,
			);
			buildRules = (
			);
			dependencies = (
			);
			name = HttpTest;
			productName = HttpTest;
			productReference = 8ED987AB1AADDD9D00595A6D /* HttpTest */;
			productType = "com.apple.product-type.tool";
		};
/* End PBXNativeTarget section */

/* Begin PBXProject section */
		8ED987A31AADDD9D00595A6D /* Project object */ = {
			isa = PBXProject;
			attributes = {
				LastUpgradeCheck = 0610;
				ORGANIZATIONNAME = tomblench;
				TargetAttributes = {
					8ED987AA1AADDD9D00595A6D = {
						CreatedOnToolsVersion = 6.1;
					};
				};
			};
			buildConfigurationList = 8ED987A61AADDD9D00595A6D /* Build configuration list for PBXProject "HttpTest" */;
			compatibilityVersion = "Xcode 3.2";
			developmentRegion = English;
			hasScannedForEncodings = 0;
			knownRegions = (
				en,
			);
			mainGroup = 8ED987A21AADDD9D00595A6D;
			productRefGroup = 8ED987AC1AADDD9D00595A6D /* Products */;
			projectDirPath = "";
			projectRoot = "";
			targets = (
				8ED987AA1AADDD9D00595A6D /* HttpTest */,
			);
		};
/* End PBXProject section */

/* Begin PBXSourcesBuildPhase section */
		8ED987A71AADDD9D00595A6D /* Sources */ = {
			isa = PBXSourcesBuildPhase;
			buildActionMask = 2147483647;
			files = (
				8E0736DA1AB198AF00BE22FE /* CDTURLSessionFilterContext.m in Sources */,
				8ED987AF1AADDD9D00595A6D /* main.m in Sources */,
				8E0736DE1AB1995D00BE22FE /* CDTURLSession.m in Sources */,
				8E0736E11AB19A8100BE22FE /* MyCookieLoginFilter.m in Sources */,
			);
			runOnlyForDeploymentPostprocessing = 0;
		};
/* End PBXSourcesBuildPhase section */

/* Begin XCBuildConfiguration section */
		8ED987B01AADDD9D00595A6D /* Debug */ = {
			isa = XCBuildConfiguration;
			buildSettings = {
				ALWAYS_SEARCH_USER_PATHS = NO;
				CLANG_CXX_LANGUAGE_STANDARD = "gnu++0x";
				CLANG_CXX_LIBRARY = "libc++";
				CLANG_ENABLE_MODULES = YES;
				CLANG_ENABLE_OBJC_ARC = YES;
				CLANG_WARN_BOOL_CONVERSION = YES;
				CLANG_WARN_CONSTANT_CONVERSION = YES;
				CLANG_WARN_DIRECT_OBJC_ISA_USAGE = YES_ERROR;
				CLANG_WARN_EMPTY_BODY = YES;
				CLANG_WARN_ENUM_CONVERSION = YES;
				CLANG_WARN_INT_CONVERSION = YES;
				CLANG_WARN_OBJC_ROOT_CLASS = YES_ERROR;
				CLANG_WARN_UNREACHABLE_CODE = YES;
				CLANG_WARN__DUPLICATE_METHOD_MATCH = YES;
				COPY_PHASE_STRIP = NO;
				ENABLE_STRICT_OBJC_MSGSEND = YES;
				GCC_C_LANGUAGE_STANDARD = gnu99;
				GCC_DYNAMIC_NO_PIC = NO;
				GCC_OPTIMIZATION_LEVEL = 0;
				GCC_PREPROCESSOR_DEFINITIONS = (
					"DEBUG=1",
					"$(inherited)",
				);
				GCC_SYMBOLS_PRIVATE_EXTERN = NO;
				GCC_WARN_64_TO_32_BIT_CONVERSION = YES;
				GCC_WARN_ABOUT_RETURN_TYPE = YES_ERROR;
				GCC_WARN_UNDECLARED_SELECTOR = YES;
				GCC_WARN_UNINITIALIZED_AUTOS = YES_AGGRESSIVE;
				GCC_WARN_UNUSED_FUNCTION = YES;
				GCC_WARN_UNUSED_VARIABLE = YES;
				MACOSX_DEPLOYMENT_TARGET = 10.10;
				MTL_ENABLE_DEBUG_INFO = YES;
				ONLY_ACTIVE_ARCH = YES;
				SDKROOT = macosx;
			};
			name = Debug;
		};
		8ED987B11AADDD9D00595A6D /* Release */ = {
			isa = XCBuildConfiguration;
			buildSettings = {
				ALWAYS_SEARCH_USER_PATHS = NO;
				CLANG_CXX_LANGUAGE_STANDARD = "gnu++0x";
				CLANG_CXX_LIBRARY = "libc++";
				CLANG_ENABLE_MODULES = YES;
				CLANG_ENABLE_OBJC_ARC = YES;
				CLANG_WARN_BOOL_CONVERSION = YES;
				CLANG_WARN_CONSTANT_CONVERSION = YES;
				CLANG_WARN_DIRECT_OBJC_ISA_USAGE = YES_ERROR;
				CLANG_WARN_EMPTY_BODY = YES;
				CLANG_WARN_ENUM_CONVERSION = YES;
				CLANG_WARN_INT_CONVERSION = YES;
				CLANG_WARN_OBJC_ROOT_CLASS = YES_ERROR;
				CLANG_WARN_UNREACHABLE_CODE = YES;
				CLANG_WARN__DUPLICATE_METHOD_MATCH = YES;
				COPY_PHASE_STRIP = YES;
				DEBUG_INFORMATION_FORMAT = "dwarf-with-dsym";
				ENABLE_NS_ASSERTIONS = NO;
				ENABLE_STRICT_OBJC_MSGSEND = YES;
				GCC_C_LANGUAGE_STANDARD = gnu99;
				GCC_WARN_64_TO_32_BIT_CONVERSION = YES;
				GCC_WARN_ABOUT_RETURN_TYPE = YES_ERROR;
				GCC_WARN_UNDECLARED_SELECTOR = YES;
				GCC_WARN_UNINITIALIZED_AUTOS = YES_AGGRESSIVE;
				GCC_WARN_UNUSED_FUNCTION = YES;
				GCC_WARN_UNUSED_VARIABLE = YES;
				MACOSX_DEPLOYMENT_TARGET = 10.10;
				MTL_ENABLE_DEBUG_INFO = NO;
				SDKROOT = macosx;
			};
			name = Release;
		};
		8ED987B31AADDD9D00595A6D /* Debug */ = {
			isa = XCBuildConfiguration;
			buildSettings = {
				PRODUCT_NAME = "$(TARGET_NAME)";
			};
			name = Debug;
		};
		8ED987B41AADDD9D00595A6D /* Release */ = {
			isa = XCBuildConfiguration;
			buildSettings = {
				PRODUCT_NAME = "$(TARGET_NAME)";
			};
			name = Release;
		};
/* End XCBuildConfiguration section */

/* Begin XCConfigurationList section */
		8ED987A61AADDD9D00595A6D /* Build configuration list for PBXProject "HttpTest" */ = {
			isa = XCConfigurationList;
			buildConfigurations = (
				8ED987B01AADDD9D00595A6D /* Debug */,
				8ED987B11AADDD9D00595A6D /* Release */,
			);
			defaultConfigurationIsVisible = 0;
			defaultConfigurationName = Release;
		};
		8ED987B21AADDD9D00595A6D /* Build configuration list for PBXNativeTarget "HttpTest" */ = {
			isa = XCConfigurationList;
			buildConfigurations = (
				8ED987B31AADDD9D00595A6D /* Debug */,
				8ED987B41AADDD9D00595A6D /* Release */,
			);
			defaultConfigurationIsVisible = 0;
			defaultConfigurationName = Release;
		};
/* End XCConfigurationList section */
	};
	rootObject = 8ED987A31AADDD9D00595A6D /* Project object */;
}
